
Microsoft Visual Studio Solution File, Format Version 12.00
# Visual Studio 2012
Project("{FAE04EC0-301F-11D3-BF4B-00C04F79EFBC}") = "Help.KhamODau", "Help\Help.KhamODau.csproj", "{BAEDF331-253F-46F0-87E6-19337E38D676}"
EndProject
Project("{FAE04EC0-301F-11D3-BF4B-00C04F79EFBC}") = "Help.AdminSite", "Help.AdminSite\Help.AdminSite.csproj", "{E6E5CE03-D745-4130-9A26-9A32DF5F33CA}"
EndProject
Project("{FAE04EC0-301F-11D3-BF4B-00C04F79EFBC}") = "Help.Model", "Help.Model\Help.Model.csproj", "{BFA9CB29-26B0-42E9-AB4D-ECF7F86FC78A}"
EndProject
Project("{FAE04EC0-301F-11D3-BF4B-00C04F79EFBC}") = "Help.Ultilities", "Help.Ultilities\Help.Ultilities.csproj", "{4A1AFF1A-4CFC-489F-81DB-57B37E4AFEEC}"
EndProject
Project("{FAE04EC0-301F-11D3-BF4B-00C04F79EFBC}") = "Help.DAL", "Help.DAL\Help.DAL.csproj", "{757AB83C-641D-4382-8F5A-53187BB29A54}"
EndProject
Global
	GlobalSection(SubversionScc) = preSolution
		Svn-Managed = True
		Manager = AnkhSVN - Subversion Support for Visual Studio
	EndGlobalSection
	GlobalSection(SolutionConfigurationPlatforms) = preSolution
		Debug|Any CPU = Debug|Any CPU
		Release|Any CPU = Release|Any CPU
	EndGlobalSection
	GlobalSection(ProjectConfigurationPlatforms) = postSolution
		{BAEDF331-253F-46F0-87E6-19337E38D676}.Debug|Any CPU.ActiveCfg = Debug|Any CPU
		{BAEDF331-253F-46F0-87E6-19337E38D676}.Debug|Any CPU.Build.0 = Debug|Any CPU
		{BAEDF331-253F-46F0-87E6-19337E38D676}.Release|Any CPU.ActiveCfg = Release|Any CPU
		{BAEDF331-253F-46F0-87E6-19337E38D676}.Release|Any CPU.Build.0 = Release|Any CPU
		{E6E5CE03-D745-4130-9A26-9A32DF5F33CA}.Debug|Any CPU.ActiveCfg = Debug|Any CPU
		{E6E5CE03-D745-4130-9A26-9A32DF5F33CA}.Debug|Any CPU.Build.0 = Debug|Any CPU
		{E6E5CE03-D745-4130-9A26-9A32DF5F33CA}.Release|Any CPU.ActiveCfg = Release|Any CPU
		{E6E5CE03-D745-4130-9A26-9A32DF5F33CA}.Release|Any CPU.Build.0 = Release|Any CPU
		{BFA9CB29-26B0-42E9-AB4D-ECF7F86FC78A}.Debug|Any CPU.ActiveCfg = Debug|Any CPU
		{BFA9CB29-26B0-42E9-AB4D-ECF7F86FC78A}.Debug|Any CPU.Build.0 = Debug|Any CPU
		{BFA9CB29-26B0-42E9-AB4D-ECF7F86FC78A}.Release|Any CPU.ActiveCfg = Release|Any CPU
		{BFA9CB29-26B0-42E9-AB4D-ECF7F86FC78A}.Release|Any CPU.Build.0 = Release|Any CPU
		{4A1AFF1A-4CFC-489F-81DB-57B37E4AFEEC}.Debug|Any CPU.ActiveCfg = Debug|Any CPU
		{4A1AFF1A-4CFC-489F-81DB-57B37E4AFEEC}.Debug|Any CPU.Build.0 = Debug|Any CPU
		{4A1AFF1A-4CFC-489F-81DB-57B37E4AFEEC}.Release|Any CPU.ActiveCfg = Release|Any CPU
		{4A1AFF1A-4CFC-489F-81DB-57B37E4AFEEC}.Release|Any CPU.Build.0 = Release|Any CPU
		{757AB83C-641D-4382-8F5A-53187BB29A54}.Debug|Any CPU.ActiveCfg = Debug|Any CPU
		{757AB83C-641D-4382-8F5A-53187BB29A54}.Debug|Any CPU.Build.0 = Debug|Any CPU
		{757AB83C-641D-4382-8F5A-53187BB29A54}.Release|Any CPU.ActiveCfg = Release|Any CPU
		{757AB83C-641D-4382-8F5A-53187BB29A54}.Release|Any CPU.Build.0 = Release|Any CPU
	EndGlobalSection
	GlobalSection(SolutionProperties) = preSolution
		HideSolutionNode = FALSE
	EndGlobalSection
EndGlobal
